
Microsoft Visual Studio Solution File, Format Version 12.00
# Visual Studio Version 17
VisualStudioVersion = 17.0.31717.71
MinimumVisualStudioVersion = 10.0.40219.1
Project("{9A19103F-16F7-4668-BE54-9A1E7A4F7556}") = "MyFarm", "MyFarm.csproj", "{766057E9-7FCA-4C0F-ADDF-5D090CC3F896}"
EndProject
Global
	GlobalSection(SolutionConfigurationPlatforms) = preSolution
		Debug|Any CPU = Debug|Any CPU
		Release|Any CPU = Release|Any CPU
	EndGlobalSection
	GlobalSection(ProjectConfigurationPlatforms) = postSolution
		{766057E9-7FCA-4C0F-ADDF-5D090CC3F896}.Debug|Any CPU.ActiveCfg = Debug|Any CPU
		{766057E9-7FCA-4C0F-ADDF-5D090CC3F896}.Debug|Any CPU.Build.0 = Debug|Any CPU
		{766057E9-7FCA-4C0F-ADDF-5D090CC3F896}.Release|Any CPU.ActiveCfg = Release|Any CPU
		{766057E9-7FCA-4C0F-ADDF-5D090CC3F896}.Release|Any CPU.Build.0 = Release|Any CPU
	EndGlobalSection
	GlobalSection(SolutionProperties) = preSolution
		HideSolutionNode = FALSE
	EndGlobalSection
	GlobalSection(ExtensibilityGlobals) = postSolution
		SolutionGuid = {B51FE1DB-D901-4525-BC4C-59E28FC24857}
	EndGlobalSection
EndGlobal